// !$*UTF8*$!
{
	archiveVersion = 1;
	classes = {
	};
	objectVersion = 55;
	objects = {

/* Begin PBXBuildFile section */
		CA504FCC27EFAC8E00A713C1 /* FerstTVC.swift in Sources */ = {isa = PBXBuildFile; fileRef = CA504FCB27EFAC8E00A713C1 /* FerstTVC.swift */; };
		CA504FCE27EFACCA00A713C1 /* TwoVC.swift in Sources */ = {isa = PBXBuildFile; fileRef = CA504FCD27EFACCA00A713C1 /* TwoVC.swift */; };
		CA504FD027EFAD2A00A713C1 /* ReviewsTVC.swift in Sources */ = {isa = PBXBuildFile; fileRef = CA504FCF27EFAD2A00A713C1 /* ReviewsTVC.swift */; };
		CA504FD227EFAD7100A713C1 /* WriteReviewsVC.swift in Sources */ = {isa = PBXBuildFile; fileRef = CA504FD127EFAD7100A713C1 /* WriteReviewsVC.swift */; };
		CA504FD427EFADDE00A713C1 /* ResourcesVC.swift in Sources */ = {isa = PBXBuildFile; fileRef = CA504FD327EFADDE00A713C1 /* ResourcesVC.swift */; };
		CA7BAEEA27EF999A005E0E17 /* AppDelegate.swift in Sources */ = {isa = PBXBuildFile; fileRef = CA7BAEE927EF999A005E0E17 /* AppDelegate.swift */; };
		CA7BAEEC27EF999A005E0E17 /* SceneDelegate.swift in Sources */ = {isa = PBXBuildFile; fileRef = CA7BAEEB27EF999A005E0E17 /* SceneDelegate.swift */; };
		CA7BAEF127EF999A005E0E17 /* Main.storyboard in Resources */ = {isa = PBXBuildFile; fileRef = CA7BAEEF27EF999A005E0E17 /* Main.storyboard */; };
		CA7BAEF327EF999D005E0E17 /* Assets.xcassets in Resources */ = {isa = PBXBuildFile; fileRef = CA7BAEF227EF999D005E0E17 /* Assets.xcassets */; };
		CA7BAEF627EF999D005E0E17 /* LaunchScreen.storyboard in Resources */ = {isa = PBXBuildFile; fileRef = CA7BAEF427EF999D005E0E17 /* LaunchScreen.storyboard */; };
/* End PBXBuildFile section */

/* Begin PBXFileReference section */
		CA504FCB27EFAC8E00A713C1 /* FerstTVC.swift */ = {isa = PBXFileReference; lastKnownFileType = sourcecode.swift; path = FerstTVC.swift; sourceTree = "<group>"; };
		CA504FCD27EFACCA00A713C1 /* TwoVC.swift */ = {isa = PBXFileReference; lastKnownFileType = sourcecode.swift; path = TwoVC.swift; sourceTree = "<group>"; };
		CA504FCF27EFAD2A00A713C1 /* ReviewsTVC.swift */ = {isa = PBXFileReference; lastKnownFileType = sourcecode.swift; path = ReviewsTVC.swift; sourceTree = "<group>"; };
		CA504FD127EFAD7100A713C1 /* WriteReviewsVC.swift */ = {isa = PBXFileReference; lastKnownFileType = sourcecode.swift; path = WriteReviewsVC.swift; sourceTree = "<group>"; };
		CA504FD327EFADDE00A713C1 /* ResourcesVC.swift */ = {isa = PBXFileReference; lastKnownFileType = sourcecode.swift; path = ResourcesVC.swift; sourceTree = "<group>"; };
		CA7BAEE627EF999A005E0E17 /* HomeWork-23.app */ = {isa = PBXFileReference; explicitFileType = wrapper.application; includeInIndex = 0; path = "HomeWork-23.app"; sourceTree = BUILT_PRODUCTS_DIR; };
		CA7BAEE927EF999A005E0E17 /* AppDelegate.swift */ = {isa = PBXFileReference; lastKnownFileType = sourcecode.swift; path = AppDelegate.swift; sourceTree = "<group>"; };
		CA7BAEEB27EF999A005E0E17 /* SceneDelegate.swift */ = {isa = PBXFileReference; lastKnownFileType = sourcecode.swift; path = SceneDelegate.swift; sourceTree = "<group>"; };
		CA7BAEF027EF999A005E0E17 /* Base */ = {isa = PBXFileReference; lastKnownFileType = file.storyboard; name = Base; path = Base.lproj/Main.storyboard; sourceTree = "<group>"; };
		CA7BAEF227EF999D005E0E17 /* Assets.xcassets */ = {isa = PBXFileReference; lastKnownFileType = folder.assetcatalog; path = Assets.xcassets; sourceTree = "<group>"; };
		CA7BAEF527EF999D005E0E17 /* Base */ = {isa = PBXFileReference; lastKnownFileType = file.storyboard; name = Base; path = Base.lproj/LaunchScreen.storyboard; sourceTree = "<group>"; };
		CA7BAEF727EF999D005E0E17 /* Info.plist */ = {isa = PBXFileReference; lastKnownFileType = text.plist.xml; path = Info.plist; sourceTree = "<group>"; };
/* End PBXFileReference section */

/* Begin PBXFrameworksBuildPhase section */
		CA7BAEE327EF999A005E0E17 /* Frameworks */ = {
			isa = PBXFrameworksBuildPhase;
			buildActionMask = 2147483647;
			files = (
			);
			runOnlyForDeploymentPostprocessing = 0;
		};
/* End PBXFrameworksBuildPhase section */

/* Begin PBXGroup section */
		CA7BAEDD27EF999A005E0E17 = {
			isa = PBXGroup;
			children = (
				CA7BAEE827EF999A005E0E17 /* HomeWork-23 */,
				CA7BAEE727EF999A005E0E17 /* Products */,
			);
			sourceTree = "<group>";
		};
		CA7BAEE727EF999A005E0E17 /* Products */ = {
			isa = PBXGroup;
			children = (
				CA7BAEE627EF999A005E0E17 /* HomeWork-23.app */,
			);
			name = Products;
			sourceTree = "<group>";
		};
		CA7BAEE827EF999A005E0E17 /* HomeWork-23 */ = {
			isa = PBXGroup;
			children = (
				CA7BAF0127EF9B9C005E0E17 /* Resources */,
				CA7BAEFF27EF9B16005E0E17 /* Controller */,
				CA7BAEFD27EF9AEC005E0E17 /* Views */,
				CA7BAEFE27EF9B0E005E0E17 /* App */,
				CA7BAEF727EF999D005E0E17 /* Info.plist */,
			);
			path = "HomeWork-23";
			sourceTree = "<group>";
		};
		CA7BAEFD27EF9AEC005E0E17 /* Views */ = {
			isa = PBXGroup;
			children = (
				CA7BAEEF27EF999A005E0E17 /* Main.storyboard */,
				CA7BAEF427EF999D005E0E17 /* LaunchScreen.storyboard */,
			);
			path = Views;
			sourceTree = "<group>";
		};
		CA7BAEFE27EF9B0E005E0E17 /* App */ = {
			isa = PBXGroup;
			children = (
				CA7BAEE927EF999A005E0E17 /* AppDelegate.swift */,
				CA7BAEEB27EF999A005E0E17 /* SceneDelegate.swift */,
			);
			path = App;
			sourceTree = "<group>";
		};
		CA7BAEFF27EF9B16005E0E17 /* Controller */ = {
			isa = PBXGroup;
			children = (
				CA504FCB27EFAC8E00A713C1 /* FerstTVC.swift */,
				CA504FCD27EFACCA00A713C1 /* TwoVC.swift */,
				CA504FCF27EFAD2A00A713C1 /* ReviewsTVC.swift */,
				CA504FD127EFAD7100A713C1 /* WriteReviewsVC.swift */,
			);
			path = Controller;
			sourceTree = "<group>";
		};
		CA7BAF0127EF9B9C005E0E17 /* Resources */ = {
			isa = PBXGroup;
			children = (
				CA7BAEF227EF999D005E0E17 /* Assets.xcassets */,
				CA504FD327EFADDE00A713C1 /* ResourcesVC.swift */,
			);
			path = Resources;
			sourceTree = "<group>";
		};
/* End PBXGroup section */

/* Begin PBXNativeTarget section */
		CA7BAEE527EF999A005E0E17 /* HomeWork-23 */ = {
			isa = PBXNativeTarget;
			buildConfigurationList = CA7BAEFA27EF999D005E0E17 /* Build configuration list for PBXNativeTarget "HomeWork-23" */;
			buildPhases = (
				CA7BAEE227EF999A005E0E17 /* Sources */,
				CA7BAEE327EF999A005E0E17 /* Frameworks */,
				CA7BAEE427EF999A005E0E17 /* Resources */,
			);
			buildRules = (
			);
			dependencies = (
			);
			name = "HomeWork-23";
			productName = "HomeWork-23";
			productReference = CA7BAEE627EF999A005E0E17 /* HomeWork-23.app */;
			productType = "com.apple.product-type.application";
		};
/* End PBXNativeTarget section */

/* Begin PBXProject section */
		CA7BAEDE27EF999A005E0E17 /* Project object */ = {
			isa = PBXProject;
			attributes = {
				BuildIndependentTargetsInParallel = 1;
				LastSwiftUpdateCheck = 1330;
				LastUpgradeCheck = 1330;
				TargetAttributes = {
					CA7BAEE527EF999A005E0E17 = {
						CreatedOnToolsVersion = 13.3;
					};
				};
			};
			buildConfigurationList = CA7BAEE127EF999A005E0E17 /* Build configuration list for PBXProject "HomeWork-23" */;
			compatibilityVersion = "Xcode 13.0";
			developmentRegion = en;
			hasScannedForEncodings = 0;
			knownRegions = (
				en,
				Base,
			);
			mainGroup = CA7BAEDD27EF999A005E0E17;
			productRefGroup = CA7BAEE727EF999A005E0E17 /* Products */;
			projectDirPath = "";
			projectRoot = "";
			targets = (
				CA7BAEE527EF999A005E0E17 /* HomeWork-23 */,
			);
		};
/* End PBXProject section */

/* Begin PBXResourcesBuildPhase section */
		CA7BAEE427EF999A005E0E17 /* Resources */ = {
			isa = PBXResourcesBuildPhase;
			buildActionMask = 2147483647;
			files = (
				CA7BAEF627EF999D005E0E17 /* LaunchScreen.storyboard in Resources */,
				CA7BAEF327EF999D005E0E17 /* Assets.xcassets in Resources */,
				CA7BAEF127EF999A005E0E17 /* Main.storyboard in Resources */,
			);
			runOnlyForDeploymentPostprocessing = 0;
		};
/* End PBXResourcesBuildPhase section */

/* Begin PBXSourcesBuildPhase section */
		CA7BAEE227EF999A005E0E17 /* Sources */ = {
			isa = PBXSourcesBuildPhase;
			buildActionMask = 2147483647;
			files = (
				CA504FCC27EFAC8E00A713C1 /* FerstTVC.swift in Sources */,
				CA504FCE27EFACCA00A713C1 /* TwoVC.swift in Sources */,
				CA504FD027EFAD2A00A713C1 /* ReviewsTVC.swift in Sources */,
				CA7BAEEA27EF999A005E0E17 /* AppDelegate.swift in Sources */,
				CA504FD227EFAD7100A713C1 /* WriteReviewsVC.swift in Sources */,
				CA504FD427EFADDE00A713C1 /* ResourcesVC.swift in Sources */,
				CA7BAEEC27EF999A005E0E17 /* SceneDelegate.swift in Sources */,
			);
			runOnlyForDeploymentPostprocessing = 0;
		};
/* End PBXSourcesBuildPhase section */

/* Begin PBXVariantGroup section */
		CA7BAEEF27EF999A005E0E17 /* Main.storyboard */ = {
			isa = PBXVariantGroup;
			children = (
				CA7BAEF027EF999A005E0E17 /* Base */,
			);
			name = Main.storyboard;
			sourceTree = "<group>";
		};
		CA7BAEF427EF999D005E0E17 /* LaunchScreen.storyboard */ = {
			isa = PBXVariantGroup;
			children = (
				CA7BAEF527EF999D005E0E17 /* Base */,
			);
			name = LaunchScreen.storyboard;
			sourceTree = "<group>";
		};
/* End PBXVariantGroup section */

/* Begin XCBuildConfiguration section */
		CA7BAEF827EF999D005E0E17 /* Debug */ = {
			isa = XCBuildConfiguration;
			buildSettings = {
				ALWAYS_SEARCH_USER_PATHS = NO;
				CLANG_ANALYZER_NONNULL = YES;
				CLANG_ANALYZER_NUMBER_OBJECT_CONVERSION = YES_AGGRESSIVE;
				CLANG_CXX_LANGUAGE_STANDARD = "gnu++17";
				CLANG_ENABLE_MODULES = YES;
				CLANG_ENABLE_OBJC_ARC = YES;
				CLANG_ENABLE_OBJC_WEAK = YES;
				CLANG_WARN_BLOCK_CAPTURE_AUTORELEASING = YES;
				CLANG_WARN_BOOL_CONVERSION = YES;
				CLANG_WARN_COMMA = YES;
				CLANG_WARN_CONSTANT_CONVERSION = YES;
				CLANG_WARN_DEPRECATED_OBJC_IMPLEMENTATIONS = YES;
				CLANG_WARN_DIRECT_OBJC_ISA_USAGE = YES_ERROR;
				CLANG_WARN_DOCUMENTATION_COMMENTS = YES;
				CLANG_WARN_EMPTY_BODY = YES;
				CLANG_WARN_ENUM_CONVERSION = YES;
				CLANG_WARN_INFINITE_RECURSION = YES;
				CLANG_WARN_INT_CONVERSION = YES;
				CLANG_WARN_NON_LITERAL_NULL_CONVERSION = YES;
				CLANG_WARN_OBJC_IMPLICIT_RETAIN_SELF = YES;
				CLANG_WARN_OBJC_LITERAL_CONVERSION = YES;
				CLANG_WARN_OBJC_ROOT_CLASS = YES_ERROR;
				CLANG_WARN_QUOTED_INCLUDE_IN_FRAMEWORK_HEADER = YES;
				CLANG_WARN_RANGE_LOOP_ANALYSIS = YES;
				CLANG_WARN_STRICT_PROTOTYPES = YES;
				CLANG_WARN_SUSPICIOUS_MOVE = YES;
				CLANG_WARN_UNGUARDED_AVAILABILITY = YES_AGGRESSIVE;
				CLANG_WARN_UNREACHABLE_CODE = YES;
				CLANG_WARN__DUPLICATE_METHOD_MATCH = YES;
				COPY_PHASE_STRIP = NO;
				DEBUG_INFORMATION_FORMAT = dwarf;
				ENABLE_STRICT_OBJC_MSGSEND = YES;
				ENABLE_TESTABILITY = YES;
				GCC_C_LANGUAGE_STANDARD = gnu11;
				GCC_DYNAMIC_NO_PIC = NO;
				GCC_NO_COMMON_BLOCKS = YES;
				GCC_OPTIMIZATION_LEVEL = 0;
				GCC_PREPROCESSOR_DEFINITIONS = (
					"DEBUG=1",
					"$(inherited)",
				);
				GCC_WARN_64_TO_32_BIT_CONVERSION = YES;
				GCC_WARN_ABOUT_RETURN_TYPE = YES_ERROR;
				GCC_WARN_UNDECLARED_SELECTOR = YES;
				GCC_WARN_UNINITIALIZED_AUTOS = YES_AGGRESSIVE;
				GCC_WARN_UNUSED_FUNCTION = YES;
				GCC_WARN_UNUSED_VARIABLE = YES;
				IPHONEOS_DEPLOYMENT_TARGET = 15.4;
				MTL_ENABLE_DEBUG_INFO = INCLUDE_SOURCE;
				MTL_FAST_MATH = YES;
				ONLY_ACTIVE_ARCH = YES;
				SDKROOT = iphoneos;
				SWIFT_ACTIVE_COMPILATION_CONDITIONS = DEBUG;
				SWIFT_OPTIMIZATION_LEVEL = "-Onone";
			};
			name = Debug;
		};
		CA7BAEF927EF999D005E0E17 /* Release */ = {
			isa = XCBuildConfiguration;
			buildSettings = {
				ALWAYS_SEARCH_USER_PATHS = NO;
				CLANG_ANALYZER_NONNULL = YES;
				CLANG_ANALYZER_NUMBER_OBJECT_CONVERSION = YES_AGGRESSIVE;
				CLANG_CXX_LANGUAGE_STANDARD = "gnu++17";
				CLANG_ENABLE_MODULES = YES;
				CLANG_ENABLE_OBJC_ARC = YES;
				CLANG_ENABLE_OBJC_WEAK = YES;
				CLANG_WARN_BLOCK_CAPTURE_AUTORELEASING = YES;
				CLANG_WARN_BOOL_CONVERSION = YES;
				CLANG_WARN_COMMA = YES;
				CLANG_WARN_CONSTANT_CONVERSION = YES;
				CLANG_WARN_DEPRECATED_OBJC_IMPLEMENTATIONS = YES;
				CLANG_WARN_DIRECT_OBJC_ISA_USAGE = YES_ERROR;
				CLANG_WARN_DOCUMENTATION_COMMENTS = YES;
				CLANG_WARN_EMPTY_BODY = YES;
				CLANG_WARN_ENUM_CONVERSION = YES;
				CLANG_WARN_INFINITE_RECURSION = YES;
				CLANG_WARN_INT_CONVERSION = YES;
				CLANG_WARN_NON_LITERAL_NULL_CONVERSION = YES;
				CLANG_WARN_OBJC_IMPLICIT_RETAIN_SELF = YES;
				CLANG_WARN_OBJC_LITERAL_CONVERSION = YES;
				CLANG_WARN_OBJC_ROOT_CLASS = YES_ERROR;
				CLANG_WARN_QUOTED_INCLUDE_IN_FRAMEWORK_HEADER = YES;
				CLANG_WARN_RANGE_LOOP_ANALYSIS = YES;
				CLANG_WARN_STRICT_PROTOTYPES = YES;
				CLANG_WARN_SUSPICIOUS_MOVE = YES;
				CLANG_WARN_UNGUARDED_AVAILABILITY = YES_AGGRESSIVE;
				CLANG_WARN_UNREACHABLE_CODE = YES;
				CLANG_WARN__DUPLICATE_METHOD_MATCH = YES;
				COPY_PHASE_STRIP = NO;
				DEBUG_INFORMATION_FORMAT = "dwarf-with-dsym";
				ENABLE_NS_ASSERTIONS = NO;
				ENABLE_STRICT_OBJC_MSGSEND = YES;
				GCC_C_LANGUAGE_STANDARD = gnu11;
				GCC_NO_COMMON_BLOCKS = YES;
				GCC_WARN_64_TO_32_BIT_CONVERSION = YES;
				GCC_WARN_ABOUT_RETURN_TYPE = YES_ERROR;
				GCC_WARN_UNDECLARED_SELECTOR = YES;
				GCC_WARN_UNINITIALIZED_AUTOS = YES_AGGRESSIVE;
				GCC_WARN_UNUSED_FUNCTION = YES;
				GCC_WARN_UNUSED_VARIABLE = YES;
				IPHONEOS_DEPLOYMENT_TARGET = 15.4;
				MTL_ENABLE_DEBUG_INFO = NO;
				MTL_FAST_MATH = YES;
				SDKROOT = iphoneos;
				SWIFT_COMPILATION_MODE = wholemodule;
				SWIFT_OPTIMIZATION_LEVEL = "-O";
				VALIDATE_PRODUCT = YES;
			};
			name = Release;
		};
		CA7BAEFB27EF999D005E0E17 /* Debug */ = {
			isa = XCBuildConfiguration;
			buildSettings = {
				ASSETCATALOG_COMPILER_APPICON_NAME = AppIcon;
				ASSETCATALOG_COMPILER_GLOBAL_ACCENT_COLOR_NAME = AccentColor;
				CODE_SIGN_STYLE = Automatic;
				CURRENT_PROJECT_VERSION = 1;
				DEVELOPMENT_TEAM = VY6BU9F56X;
				GENERATE_INFOPLIST_FILE = YES;
				INFOPLIST_FILE = "HomeWork-23/Info.plist";
				INFOPLIST_KEY_UIApplicationSupportsIndirectInputEvents = YES;
				INFOPLIST_KEY_UILaunchStoryboardName = LaunchScreen;
				INFOPLIST_KEY_UIMainStoryboardFile = Main;
				INFOPLIST_KEY_UISupportedInterfaceOrientations_iPad = "UIInterfaceOrientationPortrait UIInterfaceOrientationPortraitUpsideDown UIInterfaceOrientationLandscapeLeft UIInterfaceOrientationLandscapeRight";
				INFOPLIST_KEY_UISupportedInterfaceOrientations_iPhone = "UIInterfaceOrientationPortrait UIInterfaceOrientationLandscapeLeft UIInterfaceOrientationLandscapeRight";
				LD_RUNPATH_SEARCH_PATHS = (
					"$(inherited)",
					"@executable_path/Frameworks",
				);
				MARKETING_VERSION = 1.0;
				PRODUCT_BUNDLE_IDENTIFIER = "-310.HomeWork-23";
				PRODUCT_NAME = "$(TARGET_NAME)";
				SWIFT_EMIT_LOC_STRINGS = YES;
				SWIFT_VERSION = 5.0;
				TARGETED_DEVICE_FAMILY = "1,2";
			};
			name = Debug;
		};
		CA7BAEFC27EF999D005E0E17 /* Release */ = {
			isa = XCBuildConfiguration;
			buildSettings = {
				ASSETCATALOG_COMPILER_APPICON_NAME = AppIcon;
				ASSETCATALOG_COMPILER_GLOBAL_ACCENT_COLOR_NAME = AccentColor;
				CODE_SIGN_STYLE = Automatic;
				CURRENT_PROJECT_VERSION = 1;
				DEVELOPMENT_TEAM = VY6BU9F56X;
				GENERATE_INFOPLIST_FILE = YES;
				INFOPLIST_FILE = "HomeWork-23/Info.plist";
				INFOPLIST_KEY_UIApplicationSupportsIndirectInputEvents = YES;
				INFOPLIST_KEY_UILaunchStoryboardName = LaunchScreen;
				INFOPLIST_KEY_UIMainStoryboardFile = Main;
				INFOPLIST_KEY_UISupportedInterfaceOrientations_iPad = "UIInterfaceOrientationPortrait UIInterfaceOrientationPortraitUpsideDown UIInterfaceOrientationLandscapeLeft UIInterfaceOrientationLandscapeRight";
				INFOPLIST_KEY_UISupportedInterfaceOrientations_iPhone = "UIInterfaceOrientationPortrait UIInterfaceOrientationLandscapeLeft UIInterfaceOrientationLandscapeRight";
				LD_RUNPATH_SEARCH_PATHS = (
					"$(inherited)",
					"@executable_path/Frameworks",
				);
				MARKETING_VERSION = 1.0;
				PRODUCT_BUNDLE_IDENTIFIER = "-310.HomeWork-23";
				PRODUCT_NAME = "$(TARGET_NAME)";
				SWIFT_EMIT_LOC_STRINGS = YES;
				SWIFT_VERSION = 5.0;
				TARGETED_DEVICE_FAMILY = "1,2";
			};
			name = Release;
		};
/* End XCBuildConfiguration section */

/* Begin XCConfigurationList section */
		CA7BAEE127EF999A005E0E17 /* Build configuration list for PBXProject "HomeWork-23" */ = {
			isa = XCConfigurationList;
			buildConfigurations = (
				CA7BAEF827EF999D005E0E17 /* Debug */,
				CA7BAEF927EF999D005E0E17 /* Release */,
			);
			defaultConfigurationIsVisible = 0;
			defaultConfigurationName = Release;
		};
		CA7BAEFA27EF999D005E0E17 /* Build configuration list for PBXNativeTarget "HomeWork-23" */ = {
			isa = XCConfigurationList;
			buildConfigurations = (
				CA7BAEFB27EF999D005E0E17 /* Debug */,
				CA7BAEFC27EF999D005E0E17 /* Release */,
			);
			defaultConfigurationIsVisible = 0;
			defaultConfigurationName = Release;
		};
/* End XCConfigurationList section */
	};
	rootObject = CA7BAEDE27EF999A005E0E17 /* Project object */;
}
